<?xml version="1.0" encoding="utf-8"?>
<Project ToolsVersion="4.0" xmlns="http://schemas.microsoft.com/developer/msbuild/2003">
  <ItemGroup>
    <Filter Include="Source Files">
      <UniqueIdentifier>{4FC737F1-C7A5-4376-A066-2A32D752A2FF}</UniqueIdentifier>
      <Extensions>cpp;c;cxx;def;odl;idl;hpj;bat;asm;asmx</Extensions>
    </Filter>
    <Filter Include="Source Files\rsa">
      <UniqueIdentifier>{35c5d1e1-0b71-40e4-8494-bb9ab66e149b}</UniqueIdentifier>
    </Filter>
    <Filter Include="Source Files\aes">
      <UniqueIdentifier>{dc73fbba-d5a8-42b2-83f9-25c38961f13b}</UniqueIdentifier>
    </Filter>
    <Filter Include="Header Files">
      <UniqueIdentifier>{93995380-89BD-4b04-88EB-625FBE52EBFB}</UniqueIdentifier>
      <Extensions>h;hpp;hxx;hm;inl;inc;xsd</Extensions>
    </Filter>
    <Filter Include="Header Files\rsa">
      <UniqueIdentifier>{8713982f-a741-4373-b492-da76a969c7c5}</UniqueIdentifier>
    </Filter>
    <Filter Include="Header Files\aes">
      <UniqueIdentifier>{c5dddfc1-ecca-496a-a491-588506ab081f}</UniqueIdentifier>
    </Filter>
    <Filter Include="Resource Files">
      <UniqueIdentifier>{67DA6AB6-F800-4c08-8B7A-83BB121AAD01}</UniqueIdentifier>
      <Extensions>rc;ico;cur;bmp;dlg;rc2;rct;bin;rgs;gif;jpg;jpeg;jpe;resx</Extensions>
    </Filter>
  </ItemGroup>
  <ItemGroup>
    <ClCompile Include="aim.cpp">
      <Filter>Source Files</Filter>
    </ClCompile>
    <ClCompile Include="childimage.cpp">
      <Filter>Source Files</Filter>
    </ClCompile>
    <ClCompile Include="clipboard.cpp">
      <Filter>Source Files</Filter>
    </ClCompile>
    <ClCompile Include="config.cpp">
      <Filter>Source Files</Filter>
    </ClCompile>
    <ClCompile Include="crypt.cpp">
      <Filter>Source Files</Filter>
    </ClCompile>
    <ClCompile Include="ddos.cpp">
      <Filter>Source Files</Filter>
    </ClCompile>
    <ClCompile Include="debug.cpp">
      <Filter>Source Files</Filter>
    </ClCompile>
    <ClCompile Include="dns.cpp">
      <Filter>Source Files</Filter>
    </ClCompile>
    <ClCompile Include="exception.cpp">
      <Filter>Source Files</Filter>
    </ClCompile>
    <ClCompile Include="executemessage.cpp">
      <Filter>Source Files</Filter>
    </ClCompile>
    <ClCompile Include="exploit_asn.cpp">
      <Filter>Source Files</Filter>
    </ClCompile>
    <ClCompile Include="exploit_lsass.cpp">
      <Filter>Source Files</Filter>
    </ClCompile>
    <ClCompile Include="exploit_netapi.cpp">
      <Filter>Source Files</Filter>
    </ClCompile>
    <ClCompile Include="file.cpp">
      <Filter>Source Files</Filter>
    </ClCompile>
    <ClCompile Include="filescan.cpp">
      <Filter>Source Files</Filter>
    </ClCompile>
    <ClCompile Include="firewall.cpp">
      <Filter>Source Files</Filter>
    </ClCompile>
    <ClCompile Include="formgrabber.cpp">
      <Filter>Source Files</Filter>
    </ClCompile>
    <ClCompile Include="ftp.cpp">
      <Filter>Source Files</Filter>
    </ClCompile>
    <ClCompile Include="hostexempt.cpp">
      <Filter>Source Files</Filter>
    </ClCompile>
    <ClCompile Include="http.cpp">
      <Filter>Source Files</Filter>
    </ClCompile>
    <ClCompile Include="idletrack.cpp">
      <Filter>Source Files</Filter>
    </ClCompile>
    <ClCompile Include="irc.cpp">
      <Filter>Source Files</Filter>
    </ClCompile>
    <ClCompile Include="keylogger.cpp">
      <Filter>Source Files</Filter>
    </ClCompile>
    <ClCompile Include="linkcache.cpp">
      <Filter>Source Files</Filter>
    </ClCompile>
    <ClCompile Include="msm.cpp">
      <Filter>Source Files</Filter>
    </ClCompile>
    <ClCompile Include="mutex.cpp">
      <Filter>Source Files</Filter>
    </ClCompile>
    <ClCompile Include="p2p2.cpp">
      <Filter>Source Files</Filter>
    </ClCompile>
    <ClCompile Include="payload_httpexec.cpp">
      <Filter>Source Files</Filter>
    </ClCompile>
    <ClCompile Include="pe.cpp">
      <Filter>Source Files</Filter>
    </ClCompile>
    <ClCompile Include="proxy.cpp">
      <Filter>Source Files</Filter>
    </ClCompile>
    <ClCompile Include="psniff.cpp">
      <Filter>Source Files</Filter>
    </ClCompile>
    <ClCompile Include="pstore.cpp">
      <Filter>Source Files</Filter>
    </ClCompile>
    <ClCompile Include="rand.cpp">
      <Filter>Source Files</Filter>
    </ClCompile>
    <ClCompile Include="registry.cpp">
      <Filter>Source Files</Filter>
    </ClCompile>
    <ClCompile Include="rootkit.cpp">
      <Filter>Source Files</Filter>
    </ClCompile>
    <ClCompile Include="scan.cpp">
      <Filter>Source Files</Filter>
    </ClCompile>
    <ClCompile Include="sel.cpp">
      <Filter>Source Files</Filter>
    </ClCompile>
    <ClCompile Include="smtp.cpp">
      <Filter>Source Files</Filter>
    </ClCompile>
    <ClCompile Include="snus3.cpp">
      <Filter>Source Files</Filter>
    </ClCompile>
    <ClCompile Include="socketwrapper.cpp">
      <Filter>Source Files</Filter>
    </ClCompile>
    <ClCompile Include="spread.cpp">
      <Filter>Source Files</Filter>
    </ClCompile>
    <ClCompile Include="sysinfo.cpp">
      <Filter>Source Files</Filter>
    </ClCompile>
    <ClCompile Include="target.cpp">
      <Filter>Source Files</Filter>
    </ClCompile>
    <ClCompile Include="tcptunnel.cpp">
      <Filter>Source Files</Filter>
    </ClCompile>
    <ClCompile Include="thread.cpp">
      <Filter>Source Files</Filter>
    </ClCompile>
    <ClCompile Include="timeout.cpp">
      <Filter>Source Files</Filter>
    </ClCompile>
    <ClCompile Include="transferlog.cpp">
      <Filter>Source Files</Filter>
    </ClCompile>
    <ClCompile Include="triton.cpp">
      <Filter>Source Files</Filter>
    </ClCompile>
    <ClCompile Include="update.cpp">
      <Filter>Source Files</Filter>
    </ClCompile>
    <ClCompile Include="wildcard.cpp">
      <Filter>Source Files</Filter>
    </ClCompile>
    <ClCompile Include="yahoo.cpp">
      <Filter>Source Files</Filter>
    </ClCompile>
    <ClCompile Include="rsa\digit.c">
      <Filter>Source Files\rsa</Filter>
    </ClCompile>
    <ClCompile Include="rsa\md5c.c">
      <Filter>Source Files\rsa</Filter>
    </ClCompile>
    <ClCompile Include="rsa\nn.c">
      <Filter>Source Files\rsa</Filter>
    </ClCompile>
    <ClCompile Include="rsa\prime.c">
      <Filter>Source Files\rsa</Filter>
    </ClCompile>
    <ClCompile Include="rsa\r_keygen.c">
      <Filter>Source Files\rsa</Filter>
    </ClCompile>
    <ClCompile Include="rsa\r_random.c">
      <Filter>Source Files\rsa</Filter>
    </ClCompile>
    <ClCompile Include="rsa\rsa.c">
      <Filter>Source Files\rsa</Filter>
    </ClCompile>
    <ClCompile Include="aes\aescrypt.c">
      <Filter>Source Files\aes</Filter>
    </ClCompile>
    <ClCompile Include="aes\aeskey.c">
      <Filter>Source Files\aes</Filter>
    </ClCompile>
    <ClCompile Include="aes\aestab.c">
      <Filter>Source Files\aes</Filter>
    </ClCompile>
  </ItemGroup>
  <ItemGroup>
    <ClInclude Include="aim.h">
      <Filter>Header Files</Filter>
    </ClInclude>
    <ClInclude Include="childimage.h">
      <Filter>Header Files</Filter>
    </ClInclude>
    <ClInclude Include="clipboard.h">
      <Filter>Header Files</Filter>
    </ClInclude>
    <ClInclude Include="config.h">
      <Filter>Header Files</Filter>
    </ClInclude>
    <ClInclude Include="crypt.h">
      <Filter>Header Files</Filter>
    </ClInclude>
    <ClInclude Include="ddos.h">
      <Filter>Header Files</Filter>
    </ClInclude>
    <ClInclude Include="debug.h">
      <Filter>Header Files</Filter>
    </ClInclude>
    <ClInclude Include="dns.h">
      <Filter>Header Files</Filter>
    </ClInclude>
    <ClInclude Include="exception.h">
      <Filter>Header Files</Filter>
    </ClInclude>
    <ClInclude Include="executemessage.h">
      <Filter>Header Files</Filter>
    </ClInclude>
    <ClInclude Include="exploit_asn.h">
      <Filter>Header Files</Filter>
    </ClInclude>
    <ClInclude Include="exploit_lsass.h">
      <Filter>Header Files</Filter>
    </ClInclude>
    <ClInclude Include="exploit_netapi.h">
      <Filter>Header Files</Filter>
    </ClInclude>
    <ClInclude Include="file.h">
      <Filter>Header Files</Filter>
    </ClInclude>
    <ClInclude Include="filescan.h">
      <Filter>Header Files</Filter>
    </ClInclude>
    <ClInclude Include="firewall.h">
      <Filter>Header Files</Filter>
    </ClInclude>
    <ClInclude Include="formgrabber.h">
      <Filter>Header Files</Filter>
    </ClInclude>
    <ClInclude Include="ftp.h">
      <Filter>Header Files</Filter>
    </ClInclude>
    <ClInclude Include="hostexempt.h">
      <Filter>Header Files</Filter>
    </ClInclude>
    <ClInclude Include="http.h">
      <Filter>Header Files</Filter>
    </ClInclude>
    <ClInclude Include="idletrack.h">
      <Filter>Header Files</Filter>
    </ClInclude>
    <ClInclude Include="irc.h">
      <Filter>Header Files</Filter>
    </ClInclude>
    <ClInclude Include="keylogger.h">
      <Filter>Header Files</Filter>
    </ClInclude>
    <ClInclude Include="lgdll.h">
      <Filter>Header Files</Filter>
    </ClInclude>
    <ClInclude Include="linkcache.h">
      <Filter>Header Files</Filter>
    </ClInclude>
    <ClInclude Include="msm.h">
      <Filter>Header Files</Filter>
    </ClInclude>
    <ClInclude Include="mutex.h">
      <Filter>Header Files</Filter>
    </ClInclude>
    <ClInclude Include="p2p2.h">
      <Filter>Header Files</Filter>
    </ClInclude>
    <ClInclude Include="payload_httpexec.h">
      <Filter>Header Files</Filter>
    </ClInclude>
    <ClInclude Include="pe.h">
      <Filter>Header Files</Filter>
    </ClInclude>
    <ClInclude Include="proxy.h">
      <Filter>Header Files</Filter>
    </ClInclude>
    <ClInclude Include="psniff.h">
      <Filter>Header Files</Filter>
    </ClInclude>
    <ClInclude Include="pstore.h">
      <Filter>Header Files</Filter>
    </ClInclude>
    <ClInclude Include="rand.h">
      <Filter>Header Files</Filter>
    </ClInclude>
    <ClInclude Include="registry.h">
      <Filter>Header Files</Filter>
    </ClInclude>
    <ClInclude Include="rootkit.h">
      <Filter>Header Files</Filter>
    </ClInclude>
    <ClInclude Include="scan.h">
      <Filter>Header Files</Filter>
    </ClInclude>
    <ClInclude Include="sel.h">
      <Filter>Header Files</Filter>
    </ClInclude>
    <ClInclude Include="smtp.h">
      <Filter>Header Files</Filter>
    </ClInclude>
    <ClInclude Include="socketwrapper.h">
      <Filter>Header Files</Filter>
    </ClInclude>
    <ClInclude Include="spread.h">
      <Filter>Header Files</Filter>
    </ClInclude>
    <ClInclude Include="sysinfo.h">
      <Filter>Header Files</Filter>
    </ClInclude>
    <ClInclude Include="target.h">
      <Filter>Header Files</Filter>
    </ClInclude>
    <ClInclude Include="tcptunnel.h">
      <Filter>Header Files</Filter>
    </ClInclude>
    <ClInclude Include="thread.h">
      <Filter>Header Files</Filter>
    </ClInclude>
    <ClInclude Include="timeout.h">
      <Filter>Header Files</Filter>
    </ClInclude>
    <ClInclude Include="transferlog.h">
      <Filter>Header Files</Filter>
    </ClInclude>
    <ClInclude Include="triton.h">
      <Filter>Header Files</Filter>
    </ClInclude>
    <ClInclude Include="update.h">
      <Filter>Header Files</Filter>
    </ClInclude>
    <ClInclude Include="wildcard.h">
      <Filter>Header Files</Filter>
    </ClInclude>
    <ClInclude Include="yahoo.h">
      <Filter>Header Files</Filter>
    </ClInclude>
    <ClInclude Include="rsa\md5.h">
      <Filter>Header Files\rsa</Filter>
    </ClInclude>
    <ClInclude Include="rsa\rsa.h">
      <Filter>Header Files\rsa</Filter>
    </ClInclude>
    <ClInclude Include="rsa\rsaref.h">
      <Filter>Header Files\rsa</Filter>
    </ClInclude>
    <ClInclude Include="aes\aes.h">
      <Filter>Header Files\aes</Filter>
    </ClInclude>
    <ClInclude Include="aes\aesopt.h">
      <Filter>Header Files\aes</Filter>
    </ClInclude>
  </ItemGroup>
  <ItemGroup>
    <Text Include="changelog.txt" />
    <Text Include="todo.txt" />
  </ItemGroup>
</Project>